
Microsoft Visual Studio Solution File, Format Version 12.00
# Visual Studio 15
VisualStudioVersion = 15.0.27703.2035
MinimumVisualStudioVersion = 10.0.40219.1
Project("{FAE04EC0-301F-11D3-BF4B-00C04F79EFBC}") = "AwesomeLib", "AwesomeLib\AwesomeLib.csproj", "{E8041631-AFDC-4DD5-8B71-C0B91B3DAFA3}"
EndProject
Project("{FAE04EC0-301F-11D3-BF4B-00C04F79EFBC}") = "AwesomeLib.Tests", "AwesomeLib.Tests\AwesomeLib.Tests.csproj", "{401052B8-0722-4ACB-8920-A7713DD60F9B}"
EndProject
Global
	GlobalSection(SolutionConfigurationPlatforms) = preSolution
		Debug|Any CPU = Debug|Any CPU
		Release|Any CPU = Release|Any CPU
	EndGlobalSection
	GlobalSection(ProjectConfigurationPlatforms) = postSolution
		{E8041631-AFDC-4DD5-8B71-C0B91B3DAFA3}.Debug|Any CPU.ActiveCfg = Debug|x64
		{E8041631-AFDC-4DD5-8B71-C0B91B3DAFA3}.Debug|Any CPU.Build.0 = Debug|x64
		{E8041631-AFDC-4DD5-8B71-C0B91B3DAFA3}.Release|Any CPU.ActiveCfg = Release|Any CPU
		{E8041631-AFDC-4DD5-8B71-C0B91B3DAFA3}.Release|Any CPU.Build.0 = Release|Any CPU
		{401052B8-0722-4ACB-8920-A7713DD60F9B}.Debug|Any CPU.ActiveCfg = Debug|x64
		{401052B8-0722-4ACB-8920-A7713DD60F9B}.Debug|Any CPU.Build.0 = Debug|x64
		{401052B8-0722-4ACB-8920-A7713DD60F9B}.Release|Any CPU.ActiveCfg = Release|Any CPU
		{401052B8-0722-4ACB-8920-A7713DD60F9B}.Release|Any CPU.Build.0 = Release|Any CPU
	EndGlobalSection
	GlobalSection(SolutionProperties) = preSolution
		HideSolutionNode = FALSE
	EndGlobalSection
	GlobalSection(ExtensibilityGlobals) = postSolution
		SolutionGuid = {1B1CA1B8-ADB3-476A-9F72-7AC8432C9874}
	EndGlobalSection
EndGlobal
